
Microsoft Visual Studio Solution File, Format Version 12.00
# Visual Studio Version 17
VisualStudioVersion = 17.0.32126.317
MinimumVisualStudioVersion = 10.0.40219.1
Project("{9A19103F-16F7-4668-BE54-9A1E7A4F7556}") = "d03.Host", "d03.Host\d03.Host.csproj", "{F50B5E8F-2DF3-4B05-9D51-AB6CABEAF2BC}"
EndProject
Project("{FAE04EC0-301F-11D3-BF4B-00C04F79EFBC}") = "d03.Nasa", "d03.Nasa2\d03.Nasa.csproj", "{D972020E-A4A8-4A7B-B47D-5C6D3107D5B2}"
EndProject
Global
	GlobalSection(SolutionConfigurationPlatforms) = preSolution
		Debug|Any CPU = Debug|Any CPU
		Release|Any CPU = Release|Any CPU
	EndGlobalSection
	GlobalSection(ProjectConfigurationPlatforms) = postSolution
		{F50B5E8F-2DF3-4B05-9D51-AB6CABEAF2BC}.Debug|Any CPU.ActiveCfg = Debug|Any CPU
		{F50B5E8F-2DF3-4B05-9D51-AB6CABEAF2BC}.Debug|Any CPU.Build.0 = Debug|Any CPU
		{F50B5E8F-2DF3-4B05-9D51-AB6CABEAF2BC}.Release|Any CPU.ActiveCfg = Release|Any CPU
		{F50B5E8F-2DF3-4B05-9D51-AB6CABEAF2BC}.Release|Any CPU.Build.0 = Release|Any CPU
		{D972020E-A4A8-4A7B-B47D-5C6D3107D5B2}.Debug|Any CPU.ActiveCfg = Debug|Any CPU
		{D972020E-A4A8-4A7B-B47D-5C6D3107D5B2}.Debug|Any CPU.Build.0 = Debug|Any CPU
		{D972020E-A4A8-4A7B-B47D-5C6D3107D5B2}.Release|Any CPU.ActiveCfg = Release|Any CPU
		{D972020E-A4A8-4A7B-B47D-5C6D3107D5B2}.Release|Any CPU.Build.0 = Release|Any CPU
	EndGlobalSection
	GlobalSection(SolutionProperties) = preSolution
		HideSolutionNode = FALSE
	EndGlobalSection
	GlobalSection(ExtensibilityGlobals) = postSolution
		SolutionGuid = {5E3B9371-7E2A-40EE-B102-1E7D94626A7F}
	EndGlobalSection
EndGlobal
