
Microsoft Visual Studio Solution File, Format Version 12.00
# Visual Studio Version 17
VisualStudioVersion = 17.0.32112.339
MinimumVisualStudioVersion = 10.0.40219.1
Project("{9A19103F-16F7-4668-BE54-9A1E7A4F7556}") = "d01_ex00", "d01\d01_ex00.csproj", "{913D00F5-D3D6-49AE-91EF-0166112BB323}"
EndProject
Project("{FAE04EC0-301F-11D3-BF4B-00C04F79EFBC}") = "d01_ex01", "d01_ex01\d01_ex01.csproj", "{187F0477-0C32-401E-8811-B4F2EADEFB54}"
EndProject
Global
	GlobalSection(SolutionConfigurationPlatforms) = preSolution
		Debug|Any CPU = Debug|Any CPU
		Release|Any CPU = Release|Any CPU
	EndGlobalSection
	GlobalSection(ProjectConfigurationPlatforms) = postSolution
		{913D00F5-D3D6-49AE-91EF-0166112BB323}.Debug|Any CPU.ActiveCfg = Debug|Any CPU
		{913D00F5-D3D6-49AE-91EF-0166112BB323}.Debug|Any CPU.Build.0 = Debug|Any CPU
		{913D00F5-D3D6-49AE-91EF-0166112BB323}.Release|Any CPU.ActiveCfg = Release|Any CPU
		{913D00F5-D3D6-49AE-91EF-0166112BB323}.Release|Any CPU.Build.0 = Release|Any CPU
		{187F0477-0C32-401E-8811-B4F2EADEFB54}.Debug|Any CPU.ActiveCfg = Debug|Any CPU
		{187F0477-0C32-401E-8811-B4F2EADEFB54}.Debug|Any CPU.Build.0 = Debug|Any CPU
		{187F0477-0C32-401E-8811-B4F2EADEFB54}.Release|Any CPU.ActiveCfg = Release|Any CPU
		{187F0477-0C32-401E-8811-B4F2EADEFB54}.Release|Any CPU.Build.0 = Release|Any CPU
	EndGlobalSection
	GlobalSection(SolutionProperties) = preSolution
		HideSolutionNode = FALSE
	EndGlobalSection
	GlobalSection(ExtensibilityGlobals) = postSolution
		SolutionGuid = {BFC28F01-88A8-41BE-B63B-3ACD4C459C92}
	EndGlobalSection
EndGlobal
